
Microsoft Visual Studio Solution File, Format Version 12.00
# Visual Studio Version 17
VisualStudioVersion = 17.0.31903.59
MinimumVisualStudioVersion = 10.0.40219.1
Project("{FAE04EC0-301F-11D3-BF4B-00C04F79EFBC}") = "WordleSolver", "WordleSolver\WordleSolver.csproj", "{4C2FCDBB-168E-4FF1-8843-F4F340DC9C9D}"
EndProject
Project("{FAE04EC0-301F-11D3-BF4B-00C04F79EFBC}") = "WorldSolver.Common", "WorldSolver.Common\WorldSolver.Common.csproj", "{585E2664-27CB-44BE-A4A2-09D33CAB1124}"
EndProject
Global
	GlobalSection(SolutionConfigurationPlatforms) = preSolution
		Debug|Any CPU = Debug|Any CPU
		Release|Any CPU = Release|Any CPU
	EndGlobalSection
	GlobalSection(ProjectConfigurationPlatforms) = postSolution
		{4C2FCDBB-168E-4FF1-8843-F4F340DC9C9D}.Debug|Any CPU.ActiveCfg = Debug|Any CPU
		{4C2FCDBB-168E-4FF1-8843-F4F340DC9C9D}.Debug|Any CPU.Build.0 = Debug|Any CPU
		{4C2FCDBB-168E-4FF1-8843-F4F340DC9C9D}.Release|Any CPU.ActiveCfg = Release|Any CPU
		{4C2FCDBB-168E-4FF1-8843-F4F340DC9C9D}.Release|Any CPU.Build.0 = Release|Any CPU
		{585E2664-27CB-44BE-A4A2-09D33CAB1124}.Debug|Any CPU.ActiveCfg = Debug|Any CPU
		{585E2664-27CB-44BE-A4A2-09D33CAB1124}.Debug|Any CPU.Build.0 = Debug|Any CPU
		{585E2664-27CB-44BE-A4A2-09D33CAB1124}.Release|Any CPU.ActiveCfg = Release|Any CPU
		{585E2664-27CB-44BE-A4A2-09D33CAB1124}.Release|Any CPU.Build.0 = Release|Any CPU
	EndGlobalSection
	GlobalSection(SolutionProperties) = preSolution
		HideSolutionNode = FALSE
	EndGlobalSection
	GlobalSection(ExtensibilityGlobals) = postSolution
		SolutionGuid = {FAFCB175-CC98-46AF-9BA3-392E8A657A98}
	EndGlobalSection
EndGlobal
